
Microsoft Visual Studio Solution File, Format Version 12.00
# Visual Studio Version 17
VisualStudioVersion = 17.0.31903.59
MinimumVisualStudioVersion = 10.0.40219.1
Project("{FAE04EC0-301F-11D3-BF4B-00C04F79EFBC}") = "AppInsight", "AppInsight\AppInsight.csproj", "{E07C522B-9E91-49EE-941F-787BC46E8C0D}"
EndProject
Project("{FAE04EC0-301F-11D3-BF4B-00C04F79EFBC}") = "cosmosdbdemo", "CosmosDB\cosmosdbdemo.csproj", "{4EFAEDE8-CD5E-411D-B29B-8DD309A4CD13}"
EndProject
Project("{2150E333-8FDC-42A3-9474-1A3956D46DE8}") = "EventGrid", "EventGrid", "{C7B42CC7-3DA9-4470-9856-C81BFEF3040C}"
EndProject
Project("{FAE04EC0-301F-11D3-BF4B-00C04F79EFBC}") = "EventGridListener", "EventGrid\EventGridListener\EventGridListener.csproj", "{6C3DDCC6-2438-4FB2-821B-5DAFD9A7714A}"
EndProject
Project("{FAE04EC0-301F-11D3-BF4B-00C04F79EFBC}") = "EventGridSender", "EventGrid\EventGridSender\EventGridSender.csproj", "{003EE1BB-C3B6-4573-B5E0-0750D59148E8}"
EndProject
Project("{2150E333-8FDC-42A3-9474-1A3956D46DE8}") = "EventHub", "EventHub", "{40EFD3D8-6E00-495C-92C1-3F39D08F18BA}"
EndProject
Project("{FAE04EC0-301F-11D3-BF4B-00C04F79EFBC}") = "EventHubSender", "EventHub\EventHubSender\EventHubSender.csproj", "{5AC04236-9619-4572-AEDA-5E173B12FCB9}"
EndProject
Project("{FAE04EC0-301F-11D3-BF4B-00C04F79EFBC}") = "EventHubListener", "EventHub\EventHubListener\EventHubListener.csproj", "{BFF028E4-5445-4B84-8B32-D9F1FBB2A1FD}"
EndProject
Project("{FAE04EC0-301F-11D3-BF4B-00C04F79EFBC}") = "Functions", "Functions\Functions.csproj", "{8C0D11AB-840A-480E-8D68-17FC4A2F71C9}"
EndProject
Project("{FAE04EC0-301F-11D3-BF4B-00C04F79EFBC}") = "Graph", "Graph\Graph.csproj", "{D6AD5332-79B5-4DA4-8486-7523D1B1B41C}"
EndProject
Project("{FAE04EC0-301F-11D3-BF4B-00C04F79EFBC}") = "Msal", "Msal\Msal.csproj", "{87EA8FBC-F227-4396-8176-65FCBB2908B3}"
EndProject
Project("{2150E333-8FDC-42A3-9474-1A3956D46DE8}") = "QueueStorage", "QueueStorage", "{150BCBFD-C654-4F5E-93C7-3F87C69D8ADD}"
EndProject
Project("{FAE04EC0-301F-11D3-BF4B-00C04F79EFBC}") = "Receiver", "QueueStorage\Receiver\Receiver.csproj", "{7A32FE84-6620-46A2-B7C8-BAEDF052AC67}"
EndProject
Project("{FAE04EC0-301F-11D3-BF4B-00C04F79EFBC}") = "Sender", "QueueStorage\Sender\Sender.csproj", "{4F163C85-29C8-45BF-9889-272D222034AD}"
EndProject
Project("{FAE04EC0-301F-11D3-BF4B-00C04F79EFBC}") = "Update", "QueueStorage\Update\Update.csproj", "{D1B627F0-7EC4-4386-86C4-36E28FD1D93B}"
EndProject
Project("{FAE04EC0-301F-11D3-BF4B-00C04F79EFBC}") = "Redis", "Redis\Redis.csproj", "{7F46B662-54D6-4EDB-9B66-4545D0E8054A}"
EndProject
Project("{2150E333-8FDC-42A3-9474-1A3956D46DE8}") = "ServiceBus", "ServiceBus", "{91E571BF-10A3-422F-8C67-C9EB0D363C93}"
EndProject
Project("{FAE04EC0-301F-11D3-BF4B-00C04F79EFBC}") = "Receiver", "ServiceBus\Receiver\Receiver.csproj", "{D6CD574A-E4E9-4968-9191-988B0E87EFDD}"
EndProject
Project("{FAE04EC0-301F-11D3-BF4B-00C04F79EFBC}") = "Sender", "ServiceBus\Sender\Sender.csproj", "{E2EBD1A3-F27C-4A6E-9618-1C8C6B1B9EE7}"
EndProject
Project("{FAE04EC0-301F-11D3-BF4B-00C04F79EFBC}") = "WebApi", "WebApi\WebApi.csproj", "{4C046504-99E2-4BB7-A2C4-0D28AF1004A0}"
EndProject
Project("{FAE04EC0-301F-11D3-BF4B-00C04F79EFBC}") = "WebApp", "WebApp\WebApp.csproj", "{C3A40BA9-C991-44A3-BE98-78C34320B4AE}"
EndProject
Project("{FAE04EC0-301F-11D3-BF4B-00C04F79EFBC}") = "Blob", "Blob\Blob.csproj", "{824E546F-A2CC-4920-8E42-F73B851A0420}"
EndProject
Project("{FAE04EC0-301F-11D3-BF4B-00C04F79EFBC}") = "KeyVault", "KeyVault\KeyVault.csproj", "{0111761A-6427-40ED-9564-6089C87D0418}"
EndProject
Global
	GlobalSection(SolutionConfigurationPlatforms) = preSolution
		Debug|Any CPU = Debug|Any CPU
		Release|Any CPU = Release|Any CPU
	EndGlobalSection
	GlobalSection(SolutionProperties) = preSolution
		HideSolutionNode = FALSE
	EndGlobalSection
	GlobalSection(ProjectConfigurationPlatforms) = postSolution
		{E07C522B-9E91-49EE-941F-787BC46E8C0D}.Debug|Any CPU.ActiveCfg = Debug|Any CPU
		{E07C522B-9E91-49EE-941F-787BC46E8C0D}.Debug|Any CPU.Build.0 = Debug|Any CPU
		{E07C522B-9E91-49EE-941F-787BC46E8C0D}.Release|Any CPU.ActiveCfg = Release|Any CPU
		{E07C522B-9E91-49EE-941F-787BC46E8C0D}.Release|Any CPU.Build.0 = Release|Any CPU
		{4EFAEDE8-CD5E-411D-B29B-8DD309A4CD13}.Debug|Any CPU.ActiveCfg = Debug|Any CPU
		{4EFAEDE8-CD5E-411D-B29B-8DD309A4CD13}.Debug|Any CPU.Build.0 = Debug|Any CPU
		{4EFAEDE8-CD5E-411D-B29B-8DD309A4CD13}.Release|Any CPU.ActiveCfg = Release|Any CPU
		{4EFAEDE8-CD5E-411D-B29B-8DD309A4CD13}.Release|Any CPU.Build.0 = Release|Any CPU
		{6C3DDCC6-2438-4FB2-821B-5DAFD9A7714A}.Debug|Any CPU.ActiveCfg = Debug|Any CPU
		{6C3DDCC6-2438-4FB2-821B-5DAFD9A7714A}.Debug|Any CPU.Build.0 = Debug|Any CPU
		{6C3DDCC6-2438-4FB2-821B-5DAFD9A7714A}.Release|Any CPU.ActiveCfg = Release|Any CPU
		{6C3DDCC6-2438-4FB2-821B-5DAFD9A7714A}.Release|Any CPU.Build.0 = Release|Any CPU
		{003EE1BB-C3B6-4573-B5E0-0750D59148E8}.Debug|Any CPU.ActiveCfg = Debug|Any CPU
		{003EE1BB-C3B6-4573-B5E0-0750D59148E8}.Debug|Any CPU.Build.0 = Debug|Any CPU
		{003EE1BB-C3B6-4573-B5E0-0750D59148E8}.Release|Any CPU.ActiveCfg = Release|Any CPU
		{003EE1BB-C3B6-4573-B5E0-0750D59148E8}.Release|Any CPU.Build.0 = Release|Any CPU
		{5AC04236-9619-4572-AEDA-5E173B12FCB9}.Debug|Any CPU.ActiveCfg = Debug|Any CPU
		{5AC04236-9619-4572-AEDA-5E173B12FCB9}.Debug|Any CPU.Build.0 = Debug|Any CPU
		{5AC04236-9619-4572-AEDA-5E173B12FCB9}.Release|Any CPU.ActiveCfg = Release|Any CPU
		{5AC04236-9619-4572-AEDA-5E173B12FCB9}.Release|Any CPU.Build.0 = Release|Any CPU
		{BFF028E4-5445-4B84-8B32-D9F1FBB2A1FD}.Debug|Any CPU.ActiveCfg = Debug|Any CPU
		{BFF028E4-5445-4B84-8B32-D9F1FBB2A1FD}.Debug|Any CPU.Build.0 = Debug|Any CPU
		{BFF028E4-5445-4B84-8B32-D9F1FBB2A1FD}.Release|Any CPU.ActiveCfg = Release|Any CPU
		{BFF028E4-5445-4B84-8B32-D9F1FBB2A1FD}.Release|Any CPU.Build.0 = Release|Any CPU
		{8C0D11AB-840A-480E-8D68-17FC4A2F71C9}.Debug|Any CPU.ActiveCfg = Debug|Any CPU
		{8C0D11AB-840A-480E-8D68-17FC4A2F71C9}.Debug|Any CPU.Build.0 = Debug|Any CPU
		{8C0D11AB-840A-480E-8D68-17FC4A2F71C9}.Release|Any CPU.ActiveCfg = Release|Any CPU
		{8C0D11AB-840A-480E-8D68-17FC4A2F71C9}.Release|Any CPU.Build.0 = Release|Any CPU
		{D6AD5332-79B5-4DA4-8486-7523D1B1B41C}.Debug|Any CPU.ActiveCfg = Debug|Any CPU
		{D6AD5332-79B5-4DA4-8486-7523D1B1B41C}.Debug|Any CPU.Build.0 = Debug|Any CPU
		{D6AD5332-79B5-4DA4-8486-7523D1B1B41C}.Release|Any CPU.ActiveCfg = Release|Any CPU
		{D6AD5332-79B5-4DA4-8486-7523D1B1B41C}.Release|Any CPU.Build.0 = Release|Any CPU
		{87EA8FBC-F227-4396-8176-65FCBB2908B3}.Debug|Any CPU.ActiveCfg = Debug|Any CPU
		{87EA8FBC-F227-4396-8176-65FCBB2908B3}.Debug|Any CPU.Build.0 = Debug|Any CPU
		{87EA8FBC-F227-4396-8176-65FCBB2908B3}.Release|Any CPU.ActiveCfg = Release|Any CPU
		{87EA8FBC-F227-4396-8176-65FCBB2908B3}.Release|Any CPU.Build.0 = Release|Any CPU
		{7A32FE84-6620-46A2-B7C8-BAEDF052AC67}.Debug|Any CPU.ActiveCfg = Debug|Any CPU
		{7A32FE84-6620-46A2-B7C8-BAEDF052AC67}.Debug|Any CPU.Build.0 = Debug|Any CPU
		{7A32FE84-6620-46A2-B7C8-BAEDF052AC67}.Release|Any CPU.ActiveCfg = Release|Any CPU
		{7A32FE84-6620-46A2-B7C8-BAEDF052AC67}.Release|Any CPU.Build.0 = Release|Any CPU
		{4F163C85-29C8-45BF-9889-272D222034AD}.Debug|Any CPU.ActiveCfg = Debug|Any CPU
		{4F163C85-29C8-45BF-9889-272D222034AD}.Debug|Any CPU.Build.0 = Debug|Any CPU
		{4F163C85-29C8-45BF-9889-272D222034AD}.Release|Any CPU.ActiveCfg = Release|Any CPU
		{4F163C85-29C8-45BF-9889-272D222034AD}.Release|Any CPU.Build.0 = Release|Any CPU
		{D1B627F0-7EC4-4386-86C4-36E28FD1D93B}.Debug|Any CPU.ActiveCfg = Debug|Any CPU
		{D1B627F0-7EC4-4386-86C4-36E28FD1D93B}.Debug|Any CPU.Build.0 = Debug|Any CPU
		{D1B627F0-7EC4-4386-86C4-36E28FD1D93B}.Release|Any CPU.ActiveCfg = Release|Any CPU
		{D1B627F0-7EC4-4386-86C4-36E28FD1D93B}.Release|Any CPU.Build.0 = Release|Any CPU
		{7F46B662-54D6-4EDB-9B66-4545D0E8054A}.Debug|Any CPU.ActiveCfg = Debug|Any CPU
		{7F46B662-54D6-4EDB-9B66-4545D0E8054A}.Debug|Any CPU.Build.0 = Debug|Any CPU
		{7F46B662-54D6-4EDB-9B66-4545D0E8054A}.Release|Any CPU.ActiveCfg = Release|Any CPU
		{7F46B662-54D6-4EDB-9B66-4545D0E8054A}.Release|Any CPU.Build.0 = Release|Any CPU
		{D6CD574A-E4E9-4968-9191-988B0E87EFDD}.Debug|Any CPU.ActiveCfg = Debug|Any CPU
		{D6CD574A-E4E9-4968-9191-988B0E87EFDD}.Debug|Any CPU.Build.0 = Debug|Any CPU
		{D6CD574A-E4E9-4968-9191-988B0E87EFDD}.Release|Any CPU.ActiveCfg = Release|Any CPU
		{D6CD574A-E4E9-4968-9191-988B0E87EFDD}.Release|Any CPU.Build.0 = Release|Any CPU
		{E2EBD1A3-F27C-4A6E-9618-1C8C6B1B9EE7}.Debug|Any CPU.ActiveCfg = Debug|Any CPU
		{E2EBD1A3-F27C-4A6E-9618-1C8C6B1B9EE7}.Debug|Any CPU.Build.0 = Debug|Any CPU
		{E2EBD1A3-F27C-4A6E-9618-1C8C6B1B9EE7}.Release|Any CPU.ActiveCfg = Release|Any CPU
		{E2EBD1A3-F27C-4A6E-9618-1C8C6B1B9EE7}.Release|Any CPU.Build.0 = Release|Any CPU
		{4C046504-99E2-4BB7-A2C4-0D28AF1004A0}.Debug|Any CPU.ActiveCfg = Debug|Any CPU
		{4C046504-99E2-4BB7-A2C4-0D28AF1004A0}.Debug|Any CPU.Build.0 = Debug|Any CPU
		{4C046504-99E2-4BB7-A2C4-0D28AF1004A0}.Release|Any CPU.ActiveCfg = Release|Any CPU
		{4C046504-99E2-4BB7-A2C4-0D28AF1004A0}.Release|Any CPU.Build.0 = Release|Any CPU
		{C3A40BA9-C991-44A3-BE98-78C34320B4AE}.Debug|Any CPU.ActiveCfg = Debug|Any CPU
		{C3A40BA9-C991-44A3-BE98-78C34320B4AE}.Debug|Any CPU.Build.0 = Debug|Any CPU
		{C3A40BA9-C991-44A3-BE98-78C34320B4AE}.Release|Any CPU.ActiveCfg = Release|Any CPU
		{C3A40BA9-C991-44A3-BE98-78C34320B4AE}.Release|Any CPU.Build.0 = Release|Any CPU
		{824E546F-A2CC-4920-8E42-F73B851A0420}.Debug|Any CPU.ActiveCfg = Debug|Any CPU
		{824E546F-A2CC-4920-8E42-F73B851A0420}.Debug|Any CPU.Build.0 = Debug|Any CPU
		{824E546F-A2CC-4920-8E42-F73B851A0420}.Release|Any CPU.ActiveCfg = Release|Any CPU
		{824E546F-A2CC-4920-8E42-F73B851A0420}.Release|Any CPU.Build.0 = Release|Any CPU
		{0111761A-6427-40ED-9564-6089C87D0418}.Debug|Any CPU.ActiveCfg = Debug|Any CPU
		{0111761A-6427-40ED-9564-6089C87D0418}.Debug|Any CPU.Build.0 = Debug|Any CPU
		{0111761A-6427-40ED-9564-6089C87D0418}.Release|Any CPU.ActiveCfg = Release|Any CPU
		{0111761A-6427-40ED-9564-6089C87D0418}.Release|Any CPU.Build.0 = Release|Any CPU
	EndGlobalSection
	GlobalSection(NestedProjects) = preSolution
		{6C3DDCC6-2438-4FB2-821B-5DAFD9A7714A} = {C7B42CC7-3DA9-4470-9856-C81BFEF3040C}
		{003EE1BB-C3B6-4573-B5E0-0750D59148E8} = {C7B42CC7-3DA9-4470-9856-C81BFEF3040C}
		{5AC04236-9619-4572-AEDA-5E173B12FCB9} = {40EFD3D8-6E00-495C-92C1-3F39D08F18BA}
		{BFF028E4-5445-4B84-8B32-D9F1FBB2A1FD} = {40EFD3D8-6E00-495C-92C1-3F39D08F18BA}
		{7A32FE84-6620-46A2-B7C8-BAEDF052AC67} = {150BCBFD-C654-4F5E-93C7-3F87C69D8ADD}
		{4F163C85-29C8-45BF-9889-272D222034AD} = {150BCBFD-C654-4F5E-93C7-3F87C69D8ADD}
		{D1B627F0-7EC4-4386-86C4-36E28FD1D93B} = {150BCBFD-C654-4F5E-93C7-3F87C69D8ADD}
		{D6CD574A-E4E9-4968-9191-988B0E87EFDD} = {91E571BF-10A3-422F-8C67-C9EB0D363C93}
		{E2EBD1A3-F27C-4A6E-9618-1C8C6B1B9EE7} = {91E571BF-10A3-422F-8C67-C9EB0D363C93}
	EndGlobalSection
EndGlobal
